
Microsoft Visual Studio Solution File, Format Version 12.00
# Visual Studio 15
VisualStudioVersion = 15.0.26430.6
MinimumVisualStudioVersion = 10.0.40219.1
Project("{FAE04EC0-301F-11D3-BF4B-00C04F79EFBC}") = "Lab", "Lab\Lab.csproj", "{28FD6195-DCE8-4572-80CC-F27466ACD9AD}"
EndProject
Project("{FAE04EC0-301F-11D3-BF4B-00C04F79EFBC}") = "Homework", "Homework\Homework.csproj", "{64E9729F-A59B-4CB0-9F59-35A43E36F6FD}"
EndProject
Global
	GlobalSection(SolutionConfigurationPlatforms) = preSolution
		Debug|Any CPU = Debug|Any CPU
		Release|Any CPU = Release|Any CPU
	EndGlobalSection
	GlobalSection(ProjectConfigurationPlatforms) = postSolution
		{28FD6195-DCE8-4572-80CC-F27466ACD9AD}.Debug|Any CPU.ActiveCfg = Debug|Any CPU
		{28FD6195-DCE8-4572-80CC-F27466ACD9AD}.Debug|Any CPU.Build.0 = Debug|Any CPU
		{28FD6195-DCE8-4572-80CC-F27466ACD9AD}.Release|Any CPU.ActiveCfg = Release|Any CPU
		{28FD6195-DCE8-4572-80CC-F27466ACD9AD}.Release|Any CPU.Build.0 = Release|Any CPU
		{64E9729F-A59B-4CB0-9F59-35A43E36F6FD}.Debug|Any CPU.ActiveCfg = Debug|Any CPU
		{64E9729F-A59B-4CB0-9F59-35A43E36F6FD}.Debug|Any CPU.Build.0 = Debug|Any CPU
		{64E9729F-A59B-4CB0-9F59-35A43E36F6FD}.Release|Any CPU.ActiveCfg = Release|Any CPU
		{64E9729F-A59B-4CB0-9F59-35A43E36F6FD}.Release|Any CPU.Build.0 = Release|Any CPU
	EndGlobalSection
	GlobalSection(SolutionProperties) = preSolution
		HideSolutionNode = FALSE
	EndGlobalSection
EndGlobal
